
Microsoft Visual Studio Solution File, Format Version 12.00
# Visual Studio Version 17
VisualStudioVersion = 17.9.34616.47
MinimumVisualStudioVersion = 10.0.40219.1
Project("{FAE04EC0-301F-11D3-BF4B-00C04F79EFBC}") = "OCR_POC", "OCR_POC.csproj", "{22835501-D16C-4EC5-A4CB-EFAC4476A170}"
EndProject
Global
	GlobalSection(SolutionConfigurationPlatforms) = preSolution
		Debug|Any CPU = Debug|Any CPU
		Release|Any CPU = Release|Any CPU
	EndGlobalSection
	GlobalSection(ProjectConfigurationPlatforms) = postSolution
		{22835501-D16C-4EC5-A4CB-EFAC4476A170}.Debug|Any CPU.ActiveCfg = Debug|Any CPU
		{22835501-D16C-4EC5-A4CB-EFAC4476A170}.Debug|Any CPU.Build.0 = Debug|Any CPU
		{22835501-D16C-4EC5-A4CB-EFAC4476A170}.Release|Any CPU.ActiveCfg = Release|Any CPU
		{22835501-D16C-4EC5-A4CB-EFAC4476A170}.Release|Any CPU.Build.0 = Release|Any CPU
	EndGlobalSection
	GlobalSection(SolutionProperties) = preSolution
		HideSolutionNode = FALSE
	EndGlobalSection
	GlobalSection(ExtensibilityGlobals) = postSolution
		SolutionGuid = {5582344D-0D6B-425B-A6E2-1EE6C6DFB241}
	EndGlobalSection
EndGlobal
